# generated by rye
# use `rye lock` or `rye sync` to update this lockfile
#
# last locked with the following flags:
#   pre: false
#   features: []
#   all-features: false
#   with-sources: false
#   generate-hashes: false
#   universal: false

-e file:.
albumentations==1.0.3
    # via recce
certifi==2025.1.31
    # via requests
charset-normalizer==3.4.1
    # via requests
filelock==3.16.1
    # via huggingface-hub
    # via torch
fsspec==2025.3.0
    # via huggingface-hub
    # via torch
huggingface-hub==0.29.3
    # via timm
idna==3.10
    # via requests
imageio==2.35.1
    # via scikit-image
jinja2==3.1.6
    # via torch
joblib==1.4.2
    # via scikit-learn
markupsafe==2.1.5
    # via jinja2
mpmath==1.3.0
    # via sympy
networkx==3.1
    # via scikit-image
    # via torch
numpy==1.24.4
    # via albumentations
    # via imageio
    # via opencv-python-headless
    # via pywavelets
    # via recce
    # via scikit-image
    # via scikit-learn
    # via scipy
    # via tensorboardx
    # via tifffile
    # via torchvision
opencv-python-headless==4.11.0.86
    # via albumentations
packaging==24.2
    # via huggingface-hub
    # via scikit-image
pillow==10.4.0
    # via imageio
    # via scikit-image
    # via torchvision
protobuf==3.20.0
    # via recce
    # via tensorboardx
pywavelets==1.4.1
    # via scikit-image
pyyaml==5.3.1
    # via albumentations
    # via huggingface-hub
    # via recce
    # via timm
requests==2.32.3
    # via huggingface-hub
safetensors==0.5.3
    # via timm
scikit-image==0.19.3
    # via albumentations
scikit-learn==1.3.2
    # via recce
scipy==1.10.1
    # via albumentations
    # via recce
    # via scikit-image
    # via scikit-learn
six==1.17.0
    # via tensorboardx
sympy==1.13.3
    # via torch
tensorboardx==2.1
    # via recce
threadpoolctl==3.5.0
    # via scikit-learn
tifffile==2023.7.10
    # via scikit-image
timm==1.0.15
    # via recce
torch==2.4.1
    # via recce
    # via timm
    # via torchvision
torchvision==0.19.1
    # via recce
    # via timm
tqdm==4.67.1
    # via huggingface-hub
    # via recce
typing-extensions==4.12.2
    # via huggingface-hub
    # via torch
urllib3==2.2.3
    # via requests
